// !$*UTF8*$!
{
	archiveVersion = 1;
	classes = {
	};
	objectVersion = 48;
	objects = {

/* Begin PBXBuildFile section */
		730C206A207534E30027CEBB /* VehicleManager.swift in Sources */ = {isa = PBXBuildFile; fileRef = 730C2069207534E30027CEBB /* VehicleManager.swift */; };
		7313B48720759AE1003F0F17 /* VehiclePoint.swift in Sources */ = {isa = PBXBuildFile; fileRef = 7313B48620759AE1003F0F17 /* VehiclePoint.swift */; };
		733EAE97208215450076B7FE /* LocationService.swift in Sources */ = {isa = PBXBuildFile; fileRef = 733EAE96208215450076B7FE /* LocationService.swift */; };
		733EAE9B2082F7510076B7FE /* StopArrivals.swift in Sources */ = {isa = PBXBuildFile; fileRef = 733EAE992082F7510076B7FE /* StopArrivals.swift */; };
		733EAE9C2082F7510076B7FE /* Times.swift in Sources */ = {isa = PBXBuildFile; fileRef = 733EAE9A2082F7510076B7FE /* Times.swift */; };
		733EAE9E2082F7EE0076B7FE /* StopArrival.swift in Sources */ = {isa = PBXBuildFile; fileRef = 733EAE9D2082F7EE0076B7FE /* StopArrival.swift */; };
		735405742074966C005F0ECC /* AppDelegate.swift in Sources */ = {isa = PBXBuildFile; fileRef = 735405732074966C005F0ECC /* AppDelegate.swift */; };
		735405762074966C005F0ECC /* ViewController.swift in Sources */ = {isa = PBXBuildFile; fileRef = 735405752074966C005F0ECC /* ViewController.swift */; };
		735405792074966C005F0ECC /* Main.storyboard in Resources */ = {isa = PBXBuildFile; fileRef = 735405772074966C005F0ECC /* Main.storyboard */; };
		7354057B2074966C005F0ECC /* Assets.xcassets in Resources */ = {isa = PBXBuildFile; fileRef = 7354057A2074966C005F0ECC /* Assets.xcassets */; };
		7354057E2074966C005F0ECC /* LaunchScreen.storyboard in Resources */ = {isa = PBXBuildFile; fileRef = 7354057C2074966C005F0ECC /* LaunchScreen.storyboard */; };
		7354058720749A38005F0ECC /* LocationServiceProvider.swift in Sources */ = {isa = PBXBuildFile; fileRef = 7354058620749A38005F0ECC /* LocationServiceProvider.swift */; };
		73A0BB9E2080AA4D00D98BF5 /* SilverRoute.json in Resources */ = {isa = PBXBuildFile; fileRef = 73A0BB9D2080AA4D00D98BF5 /* SilverRoute.json */; };
		73C71222207E5107007A983F /* VehicleEstimates.swift in Sources */ = {isa = PBXBuildFile; fileRef = 73C7121F207E5106007A983F /* VehicleEstimates.swift */; };
		73C71223207E5107007A983F /* RouteStops.swift in Sources */ = {isa = PBXBuildFile; fileRef = 73C71220207E5106007A983F /* RouteStops.swift */; };
		73C71224207E5107007A983F /* ScheduledTimes.swift in Sources */ = {isa = PBXBuildFile; fileRef = 73C71221207E5107007A983F /* ScheduledTimes.swift */; };
		73C71226207E561A007A983F /* RouteFinder.swift in Sources */ = {isa = PBXBuildFile; fileRef = 73C71225207E561A007A983F /* RouteFinder.swift */; };
		73C71228207E5C3A007A983F /* BusStop.swift in Sources */ = {isa = PBXBuildFile; fileRef = 73C71227207E5C3A007A983F /* BusStop.swift */; };
		73C7122D20802C9E007A983F /* Location.swift in Sources */ = {isa = PBXBuildFile; fileRef = 73C7122C20802C9E007A983F /* Location.swift */; };
		73D44E86208A6ADD002D4FFD /* BusStopTableViewCell.swift in Sources */ = {isa = PBXBuildFile; fileRef = 73D44E85208A6ADD002D4FFD /* BusStopTableViewCell.swift */; };
		73D44E89208A77F4002D4FFD /* BusStopSelectionViewController.swift in Sources */ = {isa = PBXBuildFile; fileRef = 73D44E88208A77F4002D4FFD /* BusStopSelectionViewController.swift */; };
/* End PBXBuildFile section */

/* Begin PBXFileReference section */
		730C2069207534E30027CEBB /* VehicleManager.swift */ = {isa = PBXFileReference; lastKnownFileType = sourcecode.swift; path = VehicleManager.swift; sourceTree = "<group>"; };
		7313B48620759AE1003F0F17 /* VehiclePoint.swift */ = {isa = PBXFileReference; lastKnownFileType = sourcecode.swift; path = VehiclePoint.swift; sourceTree = "<group>"; };
		733EAE96208215450076B7FE /* LocationService.swift */ = {isa = PBXFileReference; lastKnownFileType = sourcecode.swift; path = LocationService.swift; sourceTree = "<group>"; };
		733EAE992082F7510076B7FE /* StopArrivals.swift */ = {isa = PBXFileReference; fileEncoding = 4; lastKnownFileType = sourcecode.swift; path = StopArrivals.swift; sourceTree = "<group>"; };
		733EAE9A2082F7510076B7FE /* Times.swift */ = {isa = PBXFileReference; fileEncoding = 4; lastKnownFileType = sourcecode.swift; path = Times.swift; sourceTree = "<group>"; };
		733EAE9D2082F7EE0076B7FE /* StopArrival.swift */ = {isa = PBXFileReference; lastKnownFileType = sourcecode.swift; path = StopArrival.swift; sourceTree = "<group>"; };
		735405702074966C005F0ECC /* BusCatcher.app */ = {isa = PBXFileReference; explicitFileType = wrapper.application; includeInIndex = 0; path = BusCatcher.app; sourceTree = BUILT_PRODUCTS_DIR; };
		735405732074966C005F0ECC /* AppDelegate.swift */ = {isa = PBXFileReference; lastKnownFileType = sourcecode.swift; path = AppDelegate.swift; sourceTree = "<group>"; };
		735405752074966C005F0ECC /* ViewController.swift */ = {isa = PBXFileReference; lastKnownFileType = sourcecode.swift; path = ViewController.swift; sourceTree = "<group>"; };
		735405782074966C005F0ECC /* Base */ = {isa = PBXFileReference; lastKnownFileType = file.storyboard; name = Base; path = Base.lproj/Main.storyboard; sourceTree = "<group>"; };
		7354057A2074966C005F0ECC /* Assets.xcassets */ = {isa = PBXFileReference; lastKnownFileType = folder.assetcatalog; path = Assets.xcassets; sourceTree = "<group>"; };
		7354057D2074966C005F0ECC /* Base */ = {isa = PBXFileReference; lastKnownFileType = file.storyboard; name = Base; path = Base.lproj/LaunchScreen.storyboard; sourceTree = "<group>"; };
		7354057F2074966C005F0ECC /* Info.plist */ = {isa = PBXFileReference; lastKnownFileType = text.plist.xml; path = Info.plist; sourceTree = "<group>"; };
		7354058620749A38005F0ECC /* LocationServiceProvider.swift */ = {isa = PBXFileReference; lastKnownFileType = sourcecode.swift; path = LocationServiceProvider.swift; sourceTree = "<group>"; };
		73A0BB9D2080AA4D00D98BF5 /* SilverRoute.json */ = {isa = PBXFileReference; fileEncoding = 4; lastKnownFileType = text.json; path = SilverRoute.json; sourceTree = "<group>"; };
		73C7121F207E5106007A983F /* VehicleEstimates.swift */ = {isa = PBXFileReference; fileEncoding = 4; lastKnownFileType = sourcecode.swift; path = VehicleEstimates.swift; sourceTree = "<group>"; };
		73C71220207E5106007A983F /* RouteStops.swift */ = {isa = PBXFileReference; fileEncoding = 4; lastKnownFileType = sourcecode.swift; path = RouteStops.swift; sourceTree = "<group>"; };
		73C71221207E5107007A983F /* ScheduledTimes.swift */ = {isa = PBXFileReference; fileEncoding = 4; lastKnownFileType = sourcecode.swift; path = ScheduledTimes.swift; sourceTree = "<group>"; };
		73C71225207E561A007A983F /* RouteFinder.swift */ = {isa = PBXFileReference; lastKnownFileType = sourcecode.swift; path = RouteFinder.swift; sourceTree = "<group>"; };
		73C71227207E5C3A007A983F /* BusStop.swift */ = {isa = PBXFileReference; lastKnownFileType = sourcecode.swift; path = BusStop.swift; sourceTree = "<group>"; };
		73C7122C20802C9E007A983F /* Location.swift */ = {isa = PBXFileReference; lastKnownFileType = sourcecode.swift; path = Location.swift; sourceTree = "<group>"; };
		73D44E85208A6ADD002D4FFD /* BusStopTableViewCell.swift */ = {isa = PBXFileReference; lastKnownFileType = sourcecode.swift; path = BusStopTableViewCell.swift; sourceTree = "<group>"; };
		73D44E88208A77F4002D4FFD /* BusStopSelectionViewController.swift */ = {isa = PBXFileReference; lastKnownFileType = sourcecode.swift; path = BusStopSelectionViewController.swift; sourceTree = "<group>"; };
/* End PBXFileReference section */

/* Begin PBXFrameworksBuildPhase section */
		7354056D2074966C005F0ECC /* Frameworks */ = {
			isa = PBXFrameworksBuildPhase;
			buildActionMask = 2147483647;
			files = (
			);
			runOnlyForDeploymentPostprocessing = 0;
		};
/* End PBXFrameworksBuildPhase section */

/* Begin PBXGroup section */
		7313B48520759AD1003F0F17 /* Model */ = {
			isa = PBXGroup;
			children = (
				733EAE982082F70B0076B7FE /* StopArrivals */,
				73C7122B20802B3B007A983F /* jsonData */,
				73C7121E207E50B7007A983F /* RouteStops */,
				73C7121D207E509D007A983F /* GetVehiclePoint */,
				73C71227207E5C3A007A983F /* BusStop.swift */,
				73C7122C20802C9E007A983F /* Location.swift */,
			);
			path = Model;
			sourceTree = "<group>";
		};
		733EAE982082F70B0076B7FE /* StopArrivals */ = {
			isa = PBXGroup;
			children = (
				733EAE992082F7510076B7FE /* StopArrivals.swift */,
				733EAE9A2082F7510076B7FE /* Times.swift */,
			);
			path = StopArrivals;
			sourceTree = "<group>";
		};
		735405672074966C005F0ECC = {
			isa = PBXGroup;
			children = (
				735405722074966C005F0ECC /* BusCatcher */,
				735405712074966C005F0ECC /* Products */,
			);
			sourceTree = "<group>";
		};
		735405712074966C005F0ECC /* Products */ = {
			isa = PBXGroup;
			children = (
				735405702074966C005F0ECC /* BusCatcher.app */,
			);
			name = Products;
			sourceTree = "<group>";
		};
		735405722074966C005F0ECC /* BusCatcher */ = {
			isa = PBXGroup;
			children = (
				73D44E87208A77D2002D4FFD /* ViewControllers */,
				73D44E84208A6AA6002D4FFD /* CustomViews */,
				7313B48520759AD1003F0F17 /* Model */,
				7354058520749A1B005F0ECC /* Utility */,
				735405732074966C005F0ECC /* AppDelegate.swift */,
				735405752074966C005F0ECC /* ViewController.swift */,
				735405772074966C005F0ECC /* Main.storyboard */,
				7354057A2074966C005F0ECC /* Assets.xcassets */,
				7354057C2074966C005F0ECC /* LaunchScreen.storyboard */,
				7354057F2074966C005F0ECC /* Info.plist */,
			);
			path = BusCatcher;
			sourceTree = "<group>";
		};
		7354058520749A1B005F0ECC /* Utility */ = {
			isa = PBXGroup;
			children = (
				730C2069207534E30027CEBB /* VehicleManager.swift */,
				7354058620749A38005F0ECC /* LocationServiceProvider.swift */,
				73C71225207E561A007A983F /* RouteFinder.swift */,
				733EAE96208215450076B7FE /* LocationService.swift */,
				733EAE9D2082F7EE0076B7FE /* StopArrival.swift */,
			);
			path = Utility;
			sourceTree = "<group>";
		};
		73C7121D207E509D007A983F /* GetVehiclePoint */ = {
			isa = PBXGroup;
			children = (
				7313B48620759AE1003F0F17 /* VehiclePoint.swift */,
			);
			path = GetVehiclePoint;
			sourceTree = "<group>";
		};
		73C7121E207E50B7007A983F /* RouteStops */ = {
			isa = PBXGroup;
			children = (
				73C71220207E5106007A983F /* RouteStops.swift */,
				73C71221207E5107007A983F /* ScheduledTimes.swift */,
				73C7121F207E5106007A983F /* VehicleEstimates.swift */,
			);
			path = RouteStops;
			sourceTree = "<group>";
		};
		73C7122B20802B3B007A983F /* jsonData */ = {
			isa = PBXGroup;
			children = (
				73A0BB9D2080AA4D00D98BF5 /* SilverRoute.json */,
			);
			path = jsonData;
			sourceTree = "<group>";
		};
		73D44E84208A6AA6002D4FFD /* CustomViews */ = {
			isa = PBXGroup;
			children = (
				73D44E85208A6ADD002D4FFD /* BusStopTableViewCell.swift */,
			);
			path = CustomViews;
			sourceTree = "<group>";
		};
		73D44E87208A77D2002D4FFD /* ViewControllers */ = {
			isa = PBXGroup;
			children = (
				73D44E88208A77F4002D4FFD /* BusStopSelectionViewController.swift */,
			);
			path = ViewControllers;
			sourceTree = "<group>";
		};
/* End PBXGroup section */

/* Begin PBXNativeTarget section */
		7354056F2074966C005F0ECC /* BusCatcher */ = {
			isa = PBXNativeTarget;
			buildConfigurationList = 735405822074966C005F0ECC /* Build configuration list for PBXNativeTarget "BusCatcher" */;
			buildPhases = (
				7354056C2074966C005F0ECC /* Sources */,
				7354056D2074966C005F0ECC /* Frameworks */,
				7354056E2074966C005F0ECC /* Resources */,
			);
			buildRules = (
			);
			dependencies = (
			);
			name = BusCatcher;
			productName = BusCatcher;
			productReference = 735405702074966C005F0ECC /* BusCatcher.app */;
			productType = "com.apple.product-type.application";
		};
/* End PBXNativeTarget section */

/* Begin PBXProject section */
		735405682074966C005F0ECC /* Project object */ = {
			isa = PBXProject;
			attributes = {
				LastSwiftUpdateCheck = 0920;
				LastUpgradeCheck = 0920;
				ORGANIZATIONNAME = "Akshay Ayyanchira";
				TargetAttributes = {
					7354056F2074966C005F0ECC = {
						CreatedOnToolsVersion = 9.2;
						ProvisioningStyle = Automatic;
					};
				};
			};
			buildConfigurationList = 7354056B2074966C005F0ECC /* Build configuration list for PBXProject "BusCatcher" */;
			compatibilityVersion = "Xcode 8.0";
			developmentRegion = en;
			hasScannedForEncodings = 0;
			knownRegions = (
				en,
				Base,
			);
			mainGroup = 735405672074966C005F0ECC;
			productRefGroup = 735405712074966C005F0ECC /* Products */;
			projectDirPath = "";
			projectRoot = "";
			targets = (
				7354056F2074966C005F0ECC /* BusCatcher */,
			);
		};
/* End PBXProject section */

/* Begin PBXResourcesBuildPhase section */
		7354056E2074966C005F0ECC /* Resources */ = {
			isa = PBXResourcesBuildPhase;
			buildActionMask = 2147483647;
			files = (
				73A0BB9E2080AA4D00D98BF5 /* SilverRoute.json in Resources */,
				7354057E2074966C005F0ECC /* LaunchScreen.storyboard in Resources */,
				7354057B2074966C005F0ECC /* Assets.xcassets in Resources */,
				735405792074966C005F0ECC /* Main.storyboard in Resources */,
			);
			runOnlyForDeploymentPostprocessing = 0;
		};
/* End PBXResourcesBuildPhase section */

/* Begin PBXSourcesBuildPhase section */
		7354056C2074966C005F0ECC /* Sources */ = {
			isa = PBXSourcesBuildPhase;
			buildActionMask = 2147483647;
			files = (
				733EAE9C2082F7510076B7FE /* Times.swift in Sources */,
				73C71228207E5C3A007A983F /* BusStop.swift in Sources */,
				73D44E89208A77F4002D4FFD /* BusStopSelectionViewController.swift in Sources */,
				73C7122D20802C9E007A983F /* Location.swift in Sources */,
				733EAE9B2082F7510076B7FE /* StopArrivals.swift in Sources */,
				7354058720749A38005F0ECC /* LocationServiceProvider.swift in Sources */,
				73C71223207E5107007A983F /* RouteStops.swift in Sources */,
				73C71224207E5107007A983F /* ScheduledTimes.swift in Sources */,
				735405762074966C005F0ECC /* ViewController.swift in Sources */,
				73D44E86208A6ADD002D4FFD /* BusStopTableViewCell.swift in Sources */,
				73C71222207E5107007A983F /* VehicleEstimates.swift in Sources */,
				733EAE9E2082F7EE0076B7FE /* StopArrival.swift in Sources */,
				730C206A207534E30027CEBB /* VehicleManager.swift in Sources */,
				73C71226207E561A007A983F /* RouteFinder.swift in Sources */,
				735405742074966C005F0ECC /* AppDelegate.swift in Sources */,
				733EAE97208215450076B7FE /* LocationService.swift in Sources */,
				7313B48720759AE1003F0F17 /* VehiclePoint.swift in Sources */,
			);
			runOnlyForDeploymentPostprocessing = 0;
		};
/* End PBXSourcesBuildPhase section */

/* Begin PBXVariantGroup section */
		735405772074966C005F0ECC /* Main.storyboard */ = {
			isa = PBXVariantGroup;
			children = (
				735405782074966C005F0ECC /* Base */,
			);
			name = Main.storyboard;
			sourceTree = "<group>";
		};
		7354057C2074966C005F0ECC /* LaunchScreen.storyboard */ = {
			isa = PBXVariantGroup;
			children = (
				7354057D2074966C005F0ECC /* Base */,
			);
			name = LaunchScreen.storyboard;
			sourceTree = "<group>";
		};
/* End PBXVariantGroup section */

/* Begin XCBuildConfiguration section */
		735405802074966C005F0ECC /* Debug */ = {
			isa = XCBuildConfiguration;
			buildSettings = {
				ALWAYS_SEARCH_USER_PATHS = NO;
				CLANG_ANALYZER_NONNULL = YES;
				CLANG_ANALYZER_NUMBER_OBJECT_CONVERSION = YES_AGGRESSIVE;
				CLANG_CXX_LANGUAGE_STANDARD = "gnu++14";
				CLANG_CXX_LIBRARY = "libc++";
				CLANG_ENABLE_MODULES = YES;
				CLANG_ENABLE_OBJC_ARC = YES;
				CLANG_WARN_BLOCK_CAPTURE_AUTORELEASING = YES;
				CLANG_WARN_BOOL_CONVERSION = YES;
				CLANG_WARN_COMMA = YES;
				CLANG_WARN_CONSTANT_CONVERSION = YES;
				CLANG_WARN_DIRECT_OBJC_ISA_USAGE = YES_ERROR;
				CLANG_WARN_DOCUMENTATION_COMMENTS = YES;
				CLANG_WARN_EMPTY_BODY = YES;
				CLANG_WARN_ENUM_CONVERSION = YES;
				CLANG_WARN_INFINITE_RECURSION = YES;
				CLANG_WARN_INT_CONVERSION = YES;
				CLANG_WARN_NON_LITERAL_NULL_CONVERSION = YES;
				CLANG_WARN_OBJC_LITERAL_CONVERSION = YES;
				CLANG_WARN_OBJC_ROOT_CLASS = YES_ERROR;
				CLANG_WARN_RANGE_LOOP_ANALYSIS = YES;
				CLANG_WARN_STRICT_PROTOTYPES = YES;
				CLANG_WARN_SUSPICIOUS_MOVE = YES;
				CLANG_WARN_UNGUARDED_AVAILABILITY = YES_AGGRESSIVE;
				CLANG_WARN_UNREACHABLE_CODE = YES;
				CLANG_WARN__DUPLICATE_METHOD_MATCH = YES;
				CODE_SIGN_IDENTITY = "iPhone Developer";
				COPY_PHASE_STRIP = NO;
				DEBUG_INFORMATION_FORMAT = dwarf;
				ENABLE_STRICT_OBJC_MSGSEND = YES;
				ENABLE_TESTABILITY = YES;
				GCC_C_LANGUAGE_STANDARD = gnu11;
				GCC_DYNAMIC_NO_PIC = NO;
				GCC_NO_COMMON_BLOCKS = YES;
				GCC_OPTIMIZATION_LEVEL = 0;
				GCC_PREPROCESSOR_DEFINITIONS = (
					"DEBUG=1",
					"$(inherited)",
				);
				GCC_WARN_64_TO_32_BIT_CONVERSION = YES;
				GCC_WARN_ABOUT_RETURN_TYPE = YES_ERROR;
				GCC_WARN_UNDECLARED_SELECTOR = YES;
				GCC_WARN_UNINITIALIZED_AUTOS = YES_AGGRESSIVE;
				GCC_WARN_UNUSED_FUNCTION = YES;
				GCC_WARN_UNUSED_VARIABLE = YES;
				IPHONEOS_DEPLOYMENT_TARGET = 11.2;
				MTL_ENABLE_DEBUG_INFO = YES;
				ONLY_ACTIVE_ARCH = YES;
				SDKROOT = iphoneos;
				SWIFT_ACTIVE_COMPILATION_CONDITIONS = DEBUG;
				SWIFT_OPTIMIZATION_LEVEL = "-Onone";
			};
			name = Debug;
		};
		735405812074966C005F0ECC /* Release */ = {
			isa = XCBuildConfiguration;
			buildSettings = {
				ALWAYS_SEARCH_USER_PATHS = NO;
				CLANG_ANALYZER_NONNULL = YES;
				CLANG_ANALYZER_NUMBER_OBJECT_CONVERSION = YES_AGGRESSIVE;
				CLANG_CXX_LANGUAGE_STANDARD = "gnu++14";
				CLANG_CXX_LIBRARY = "libc++";
				CLANG_ENABLE_MODULES = YES;
				CLANG_ENABLE_OBJC_ARC = YES;
				CLANG_WARN_BLOCK_CAPTURE_AUTORELEASING = YES;
				CLANG_WARN_BOOL_CONVERSION = YES;
				CLANG_WARN_COMMA = YES;
				CLANG_WARN_CONSTANT_CONVERSION = YES;
				CLANG_WARN_DIRECT_OBJC_ISA_USAGE = YES_ERROR;
				CLANG_WARN_DOCUMENTATION_COMMENTS = YES;
				CLANG_WARN_EMPTY_BODY = YES;
				CLANG_WARN_ENUM_CONVERSION = YES;
				CLANG_WARN_INFINITE_RECURSION = YES;
				CLANG_WARN_INT_CONVERSION = YES;
				CLANG_WARN_NON_LITERAL_NULL_CONVERSION = YES;
				CLANG_WARN_OBJC_LITERAL_CONVERSION = YES;
				CLANG_WARN_OBJC_ROOT_CLASS = YES_ERROR;
				CLANG_WARN_RANGE_LOOP_ANALYSIS = YES;
				CLANG_WARN_STRICT_PROTOTYPES = YES;
				CLANG_WARN_SUSPICIOUS_MOVE = YES;
				CLANG_WARN_UNGUARDED_AVAILABILITY = YES_AGGRESSIVE;
				CLANG_WARN_UNREACHABLE_CODE = YES;
				CLANG_WARN__DUPLICATE_METHOD_MATCH = YES;
				CODE_SIGN_IDENTITY = "iPhone Developer";
				COPY_PHASE_STRIP = NO;
				DEBUG_INFORMATION_FORMAT = "dwarf-with-dsym";
				ENABLE_NS_ASSERTIONS = NO;
				ENABLE_STRICT_OBJC_MSGSEND = YES;
				GCC_C_LANGUAGE_STANDARD = gnu11;
				GCC_NO_COMMON_BLOCKS = YES;
				GCC_WARN_64_TO_32_BIT_CONVERSION = YES;
				GCC_WARN_ABOUT_RETURN_TYPE = YES_ERROR;
				GCC_WARN_UNDECLARED_SELECTOR = YES;
				GCC_WARN_UNINITIALIZED_AUTOS = YES_AGGRESSIVE;
				GCC_WARN_UNUSED_FUNCTION = YES;
				GCC_WARN_UNUSED_VARIABLE = YES;
				IPHONEOS_DEPLOYMENT_TARGET = 11.2;
				MTL_ENABLE_DEBUG_INFO = NO;
				SDKROOT = iphoneos;
				SWIFT_OPTIMIZATION_LEVEL = "-Owholemodule";
				VALIDATE_PRODUCT = YES;
			};
			name = Release;
		};
		735405832074966C005F0ECC /* Debug */ = {
			isa = XCBuildConfiguration;
			buildSettings = {
				ASSETCATALOG_COMPILER_APPICON_NAME = AppIcon;
				CODE_SIGN_STYLE = Automatic;
				DEVELOPMENT_TEAM = XU4EKNT3UT;
				INFOPLIST_FILE = BusCatcher/Info.plist;
				IPHONEOS_DEPLOYMENT_TARGET = 11.3;
				LD_RUNPATH_SEARCH_PATHS = "$(inherited) @executable_path/Frameworks";
				PRODUCT_BUNDLE_IDENTIFIER = com.ideas2app.BusCatcher;
				PRODUCT_NAME = "$(TARGET_NAME)";
				SWIFT_VERSION = 4.0;
				TARGETED_DEVICE_FAMILY = "1,2";
			};
			name = Debug;
		};
		735405842074966C005F0ECC /* Release */ = {
			isa = XCBuildConfiguration;
			buildSettings = {
				ASSETCATALOG_COMPILER_APPICON_NAME = AppIcon;
				CODE_SIGN_STYLE = Automatic;
				DEVELOPMENT_TEAM = XU4EKNT3UT;
				INFOPLIST_FILE = BusCatcher/Info.plist;
				IPHONEOS_DEPLOYMENT_TARGET = 11.3;
				LD_RUNPATH_SEARCH_PATHS = "$(inherited) @executable_path/Frameworks";
				PRODUCT_BUNDLE_IDENTIFIER = com.ideas2app.BusCatcher;
				PRODUCT_NAME = "$(TARGET_NAME)";
				SWIFT_VERSION = 4.0;
				TARGETED_DEVICE_FAMILY = "1,2";
			};
			name = Release;
		};
/* End XCBuildConfiguration section */

/* Begin XCConfigurationList section */
		7354056B2074966C005F0ECC /* Build configuration list for PBXProject "BusCatcher" */ = {
			isa = XCConfigurationList;
			buildConfigurations = (
				735405802074966C005F0ECC /* Debug */,
				735405812074966C005F0ECC /* Release */,
			);
			defaultConfigurationIsVisible = 0;
			defaultConfigurationName = Release;
		};
		735405822074966C005F0ECC /* Build configuration list for PBXNativeTarget "BusCatcher" */ = {
			isa = XCConfigurationList;
			buildConfigurations = (
				735405832074966C005F0ECC /* Debug */,
				735405842074966C005F0ECC /* Release */,
			);
			defaultConfigurationIsVisible = 0;
			defaultConfigurationName = Release;
		};
/* End XCConfigurationList section */
	};
	rootObject = 735405682074966C005F0ECC /* Project object */;
}
